
Microsoft Visual Studio Solution File, Format Version 12.00
# Visual Studio Version 17
VisualStudioVersion = 17.11.35327.3
MinimumVisualStudioVersion = 10.0.40219.1
Project("{FAE04EC0-301F-11D3-BF4B-00C04F79EFBC}") = "Film3", "Film3\Film3.csproj", "{C5A8410A-DFC0-4596-A848-3F17B9769272}"
EndProject
Global
	GlobalSection(SolutionConfigurationPlatforms) = preSolution
		Debug|Any CPU = Debug|Any CPU
		Release|Any CPU = Release|Any CPU
	EndGlobalSection
	GlobalSection(ProjectConfigurationPlatforms) = postSolution
		{C5A8410A-DFC0-4596-A848-3F17B9769272}.Debug|Any CPU.ActiveCfg = Debug|Any CPU
		{C5A8410A-DFC0-4596-A848-3F17B9769272}.Debug|Any CPU.Build.0 = Debug|Any CPU
		{C5A8410A-DFC0-4596-A848-3F17B9769272}.Release|Any CPU.ActiveCfg = Release|Any CPU
		{C5A8410A-DFC0-4596-A848-3F17B9769272}.Release|Any CPU.Build.0 = Release|Any CPU
	EndGlobalSection
	GlobalSection(SolutionProperties) = preSolution
		HideSolutionNode = FALSE
	EndGlobalSection
	GlobalSection(ExtensibilityGlobals) = postSolution
		SolutionGuid = {6D356A48-DC6E-4E95-8F1A-DA2DFFAAB7B1}
	EndGlobalSection
EndGlobal
